
Microsoft Visual Studio Solution File, Format Version 12.00
# Visual Studio 15
VisualStudioVersion = 15.0.26730.16
MinimumVisualStudioVersion = 10.0.40219.1
Project("{9A19103F-16F7-4668-BE54-9A1E7A4F7556}") = "Uniforms", "Uniforms\Uniforms.csproj", "{DBBB99BE-B3DF-496C-8AB8-00FC88CE40CF}"
EndProject
Project("{9A19103F-16F7-4668-BE54-9A1E7A4F7556}") = "Uniforms.Core", "Uniforms.Core\Uniforms.Core.csproj", "{621CAE7B-F572-4FA9-9A44-CEF350B3A700}"
EndProject
Project("{2150E333-8FDC-42A3-9474-1A3956D46DE8}") = "Web", "Web", "{AB2E65BE-9463-415A-BBE9-8AFE6B372475}"
EndProject
Project("{FAE04EC0-301F-11D3-BF4B-00C04F79EFBC}") = "Uniforms.OAuth", "Uniforms.OAuth\Uniforms.OAuth.csproj", "{556C5C71-5AFC-4C9E-B908-9E9EE5255589}"
EndProject
Global
	GlobalSection(SolutionConfigurationPlatforms) = preSolution
		Debug|Any CPU = Debug|Any CPU
		Release|Any CPU = Release|Any CPU
	EndGlobalSection
	GlobalSection(ProjectConfigurationPlatforms) = postSolution
		{DBBB99BE-B3DF-496C-8AB8-00FC88CE40CF}.Debug|Any CPU.ActiveCfg = Debug|Any CPU
		{DBBB99BE-B3DF-496C-8AB8-00FC88CE40CF}.Debug|Any CPU.Build.0 = Debug|Any CPU
		{DBBB99BE-B3DF-496C-8AB8-00FC88CE40CF}.Release|Any CPU.ActiveCfg = Release|Any CPU
		{DBBB99BE-B3DF-496C-8AB8-00FC88CE40CF}.Release|Any CPU.Build.0 = Release|Any CPU
		{621CAE7B-F572-4FA9-9A44-CEF350B3A700}.Debug|Any CPU.ActiveCfg = Debug|Any CPU
		{621CAE7B-F572-4FA9-9A44-CEF350B3A700}.Debug|Any CPU.Build.0 = Debug|Any CPU
		{621CAE7B-F572-4FA9-9A44-CEF350B3A700}.Release|Any CPU.ActiveCfg = Release|Any CPU
		{621CAE7B-F572-4FA9-9A44-CEF350B3A700}.Release|Any CPU.Build.0 = Release|Any CPU
		{556C5C71-5AFC-4C9E-B908-9E9EE5255589}.Debug|Any CPU.ActiveCfg = Debug|Any CPU
		{556C5C71-5AFC-4C9E-B908-9E9EE5255589}.Debug|Any CPU.Build.0 = Debug|Any CPU
		{556C5C71-5AFC-4C9E-B908-9E9EE5255589}.Release|Any CPU.ActiveCfg = Release|Any CPU
		{556C5C71-5AFC-4C9E-B908-9E9EE5255589}.Release|Any CPU.Build.0 = Release|Any CPU
	EndGlobalSection
	GlobalSection(SolutionProperties) = preSolution
		HideSolutionNode = FALSE
	EndGlobalSection
	GlobalSection(NestedProjects) = preSolution
		{DBBB99BE-B3DF-496C-8AB8-00FC88CE40CF} = {AB2E65BE-9463-415A-BBE9-8AFE6B372475}
	EndGlobalSection
	GlobalSection(ExtensibilityGlobals) = postSolution
		SolutionGuid = {D25D5D4D-B9BE-4F03-BF28-1B6D0DF340EB}
	EndGlobalSection
EndGlobal
